
Microsoft Visual Studio Solution File, Format Version 12.00
# Visual Studio Version 16
VisualStudioVersion = 16.0.29613.14
MinimumVisualStudioVersion = 10.0.40219.1
Project("{9A19103F-16F7-4668-BE54-9A1E7A4F7556}") = "NorthwindKurumsalMimari.Entities", "NorthwindKurumsalMimari.Entities\NorthwindKurumsalMimari.Entities.csproj", "{B6E2AE4A-DC01-4678-B91A-175463005EAE}"
EndProject
Project("{9A19103F-16F7-4668-BE54-9A1E7A4F7556}") = "NorthwindKurumsalMimari.DataAccess", "NorthwindKurumsalMimari.DataAccess\NorthwindKurumsalMimari.DataAccess.csproj", "{2DDF9670-3DC3-42B1-8C75-E98B9D181A00}"
EndProject
Project("{9A19103F-16F7-4668-BE54-9A1E7A4F7556}") = "NorthwindKurumsalMimari.Business", "NorthwindKurumsalMimari.Business\NorthwindKurumsalMimari.Business.csproj", "{D5C74F47-4077-4B1C-A223-AEFCA32B4998}"
EndProject
Project("{9A19103F-16F7-4668-BE54-9A1E7A4F7556}") = "NorthwindKurumsalMimari.Core", "NorthwindKurumsalMimari.Core\NorthwindKurumsalMimari.Core.csproj", "{65E42AB5-623B-464E-A3DE-8FC44B3733C7}"
EndProject
Project("{9A19103F-16F7-4668-BE54-9A1E7A4F7556}") = "NorthwindKurumsalMimari.WebAPI", "NorthwindKurumsalMimari.WebAPI\NorthwindKurumsalMimari.WebAPI.csproj", "{ADBAD666-8811-4235-9C7A-9EB6750D0E5F}"
EndProject
Global
	GlobalSection(SolutionConfigurationPlatforms) = preSolution
		Debug|Any CPU = Debug|Any CPU
		Release|Any CPU = Release|Any CPU
	EndGlobalSection
	GlobalSection(ProjectConfigurationPlatforms) = postSolution
		{B6E2AE4A-DC01-4678-B91A-175463005EAE}.Debug|Any CPU.ActiveCfg = Debug|Any CPU
		{B6E2AE4A-DC01-4678-B91A-175463005EAE}.Debug|Any CPU.Build.0 = Debug|Any CPU
		{B6E2AE4A-DC01-4678-B91A-175463005EAE}.Release|Any CPU.ActiveCfg = Release|Any CPU
		{B6E2AE4A-DC01-4678-B91A-175463005EAE}.Release|Any CPU.Build.0 = Release|Any CPU
		{2DDF9670-3DC3-42B1-8C75-E98B9D181A00}.Debug|Any CPU.ActiveCfg = Debug|Any CPU
		{2DDF9670-3DC3-42B1-8C75-E98B9D181A00}.Debug|Any CPU.Build.0 = Debug|Any CPU
		{2DDF9670-3DC3-42B1-8C75-E98B9D181A00}.Release|Any CPU.ActiveCfg = Release|Any CPU
		{2DDF9670-3DC3-42B1-8C75-E98B9D181A00}.Release|Any CPU.Build.0 = Release|Any CPU
		{D5C74F47-4077-4B1C-A223-AEFCA32B4998}.Debug|Any CPU.ActiveCfg = Debug|Any CPU
		{D5C74F47-4077-4B1C-A223-AEFCA32B4998}.Debug|Any CPU.Build.0 = Debug|Any CPU
		{D5C74F47-4077-4B1C-A223-AEFCA32B4998}.Release|Any CPU.ActiveCfg = Release|Any CPU
		{D5C74F47-4077-4B1C-A223-AEFCA32B4998}.Release|Any CPU.Build.0 = Release|Any CPU
		{65E42AB5-623B-464E-A3DE-8FC44B3733C7}.Debug|Any CPU.ActiveCfg = Debug|Any CPU
		{65E42AB5-623B-464E-A3DE-8FC44B3733C7}.Debug|Any CPU.Build.0 = Debug|Any CPU
		{65E42AB5-623B-464E-A3DE-8FC44B3733C7}.Release|Any CPU.ActiveCfg = Release|Any CPU
		{65E42AB5-623B-464E-A3DE-8FC44B3733C7}.Release|Any CPU.Build.0 = Release|Any CPU
		{ADBAD666-8811-4235-9C7A-9EB6750D0E5F}.Debug|Any CPU.ActiveCfg = Debug|Any CPU
		{ADBAD666-8811-4235-9C7A-9EB6750D0E5F}.Debug|Any CPU.Build.0 = Debug|Any CPU
		{ADBAD666-8811-4235-9C7A-9EB6750D0E5F}.Release|Any CPU.ActiveCfg = Release|Any CPU
		{ADBAD666-8811-4235-9C7A-9EB6750D0E5F}.Release|Any CPU.Build.0 = Release|Any CPU
	EndGlobalSection
	GlobalSection(SolutionProperties) = preSolution
		HideSolutionNode = FALSE
	EndGlobalSection
	GlobalSection(ExtensibilityGlobals) = postSolution
		SolutionGuid = {64A6549D-9FC9-4252-9114-5DF0A20AC082}
	EndGlobalSection
EndGlobal
